
Microsoft Visual Studio Solution File, Format Version 12.00
# Visual Studio Version 17
VisualStudioVersion = 17.8.34330.188
MinimumVisualStudioVersion = 10.0.40219.1
Project("{FAE04EC0-301F-11D3-BF4B-00C04F79EFBC}") = "NetTestProject", "WebApplication1\NetTestProject.csproj", "{3756F097-BFB4-4CA2-9237-AA4C5029A364}"
EndProject
Global
	GlobalSection(SolutionConfigurationPlatforms) = preSolution
		Debug|Any CPU = Debug|Any CPU
		Release|Any CPU = Release|Any CPU
	EndGlobalSection
	GlobalSection(ProjectConfigurationPlatforms) = postSolution
		{3756F097-BFB4-4CA2-9237-AA4C5029A364}.Debug|Any CPU.ActiveCfg = Debug|Any CPU
		{3756F097-BFB4-4CA2-9237-AA4C5029A364}.Debug|Any CPU.Build.0 = Debug|Any CPU
		{3756F097-BFB4-4CA2-9237-AA4C5029A364}.Release|Any CPU.ActiveCfg = Release|Any CPU
		{3756F097-BFB4-4CA2-9237-AA4C5029A364}.Release|Any CPU.Build.0 = Release|Any CPU
	EndGlobalSection
	GlobalSection(SolutionProperties) = preSolution
		HideSolutionNode = FALSE
	EndGlobalSection
	GlobalSection(ExtensibilityGlobals) = postSolution
		SolutionGuid = {10C3D664-D4C6-4045-B395-6202DB1EA524}
	EndGlobalSection
EndGlobal
